
Microsoft Visual Studio Solution File, Format Version 11.00
# Visual Studio 2010
Project("{FAE04EC0-301F-11D3-BF4B-00C04F79EFBC}") = "Planet-Bang", "Assembly-CSharp.csproj", "{DEC1C8A0-F355-5373-F8E0-630A75AFF365}"
EndProject
Project("{FAE04EC0-301F-11D3-BF4B-00C04F79EFBC}") = "Planet-Bang", "Assembly-CSharp-Editor.csproj", "{98B05F4A-6FDC-C8EE-691B-59A7EC8B9B51}"
EndProject
Global
	GlobalSection(SolutionConfigurationPlatforms) = preSolution
		Debug|Any CPU = Debug|Any CPU
		Release|Any CPU = Release|Any CPU
	EndGlobalSection
	GlobalSection(ProjectConfigurationPlatforms) = postSolution
		{DEC1C8A0-F355-5373-F8E0-630A75AFF365}.Debug|Any CPU.ActiveCfg = Debug|Any CPU
		{DEC1C8A0-F355-5373-F8E0-630A75AFF365}.Debug|Any CPU.Build.0 = Debug|Any CPU
		{DEC1C8A0-F355-5373-F8E0-630A75AFF365}.Release|Any CPU.ActiveCfg = Release|Any CPU
		{DEC1C8A0-F355-5373-F8E0-630A75AFF365}.Release|Any CPU.Build.0 = Release|Any CPU
		{98B05F4A-6FDC-C8EE-691B-59A7EC8B9B51}.Debug|Any CPU.ActiveCfg = Debug|Any CPU
		{98B05F4A-6FDC-C8EE-691B-59A7EC8B9B51}.Debug|Any CPU.Build.0 = Debug|Any CPU
		{98B05F4A-6FDC-C8EE-691B-59A7EC8B9B51}.Release|Any CPU.ActiveCfg = Release|Any CPU
		{98B05F4A-6FDC-C8EE-691B-59A7EC8B9B51}.Release|Any CPU.Build.0 = Release|Any CPU
	EndGlobalSection
	GlobalSection(SolutionProperties) = preSolution
		HideSolutionNode = FALSE
	EndGlobalSection
	GlobalSection(MonoDevelopProperties) = preSolution
		StartupItem = Assembly-CSharp.csproj
	EndGlobalSection
EndGlobal
